<?xml version="1.0" encoding="utf-8"?>
<Project ToolsVersion="4.0" xmlns="http://schemas.microsoft.com/developer/msbuild/2003">
  <ItemGroup>
    <ClCompile Include="Habilidad.cpp" />
    <ClCompile Include="HabilidadCurativa.cpp" />
    <ClCompile Include="HabilidadOfensiva.cpp" />
    <ClCompile Include="HabilidadTemporal.cpp" />
    <ClCompile Include="main.cpp" />
    <ClCompile Include="Naturaleza.cpp" />
    <ClCompile Include="Luchador.cpp" />
  </ItemGroup>
  <ItemGroup>
    <ClInclude Include="Habilidad.h" />
    <ClInclude Include="HabilidadCurativa.h" />
    <ClInclude Include="HabilidadOfensiva.h" />
    <ClInclude Include="HabilidadTemporal.h" />
    <ClInclude Include="Library.h" />
    <ClInclude Include="Luchador.h" />
    <ClInclude Include="Naturaleza.h" />
  </ItemGroup>
</Project>